[root]
name = "examples_common"
version = "0.1.0"
dependencies = [
 "incrust_common 0.1.0",
 "incrust_macros 0.1.0",
 "incrust_plugin 0.1.0",
]

[[package]]
name = "either"
version = "1.0.1"
source = "registry+https://github.com/rust-lang/crates.io-index"

[[package]]
name = "incrust_common"
version = "0.1.0"
dependencies = [
 "itertools 0.5.5 (registry+https://github.com/rust-lang/crates.io-index)",
]

[[package]]
name = "incrust_macros"
version = "0.1.0"

[[package]]
name = "incrust_plugin"
version = "0.1.0"
dependencies = [
 "incrust_common 0.1.0",
 "itertools 0.5.5 (registry+https://github.com/rust-lang/crates.io-index)",
]

[[package]]
name = "itertools"
version = "0.5.5"
source = "registry+https://github.com/rust-lang/crates.io-index"
dependencies = [
 "either 1.0.1 (registry+https://github.com/rust-lang/crates.io-index)",
]

[metadata]
"checksum either 1.0.1 (registry+https://github.com/rust-lang/crates.io-index)" = "8aa2c82b7e1abd89a8a59fd89c4a51576ea76a894edf5d5b28944dd46edfed8d"
"checksum itertools 0.5.5 (registry+https://github.com/rust-lang/crates.io-index)" = "ef81b0a15a9e1808cfd3ebe6a87277d29ee88b34ac1197cc7547f1dd6d9f5424"
